
Microsoft Visual Studio Solution File, Format Version 12.00
# Visual Studio Version 17
VisualStudioVersion = 17.14.36414.22
MinimumVisualStudioVersion = 10.0.40219.1
Project("{2150E333-8FDC-42A3-9474-1A3956D46DE8}") = "Tests", "Tests", "{36D591C7-65C7-A0D1-1CBC-10CDE441BDC8}"
EndProject
Project("{FAE04EC0-301F-11D3-BF4B-00C04F79EFBC}") = "Tests.RabbitMQ", "Tests\Tests.RabbitMQ\Tests.RabbitMQ.csproj", "{9DFC81B3-0A7A-4DE2-BB56-EF2A1B1C798A}"
EndProject
Project("{FAE04EC0-301F-11D3-BF4B-00C04F79EFBC}") = "Tests.SharedResources", "Tests\Tests.SharedResources\Tests.SharedResources.csproj", "{326F2D22-B65F-4536-87C4-3612146B8E05}"
EndProject
Project("{FAE04EC0-301F-11D3-BF4B-00C04F79EFBC}") = "Tests.EventBus", "Tests\Tests.EventBus\Tests.EventBus.csproj", "{56809DF3-DC30-4EAF-82F0-E6D301701BDE}"
EndProject
Project("{2150E333-8FDC-42A3-9474-1A3956D46DE8}") = "shared", "shared", "{E7A16E79-E325-473D-B3C7-AFCAE292F6B4}"
EndProject
Project("{FAE04EC0-301F-11D3-BF4B-00C04F79EFBC}") = "f14.MessageBus", "src\f14.MessageBus\f14.MessageBus.csproj", "{B2B3D2D9-5700-76FC-94C9-C3AC7418A54F}"
EndProject
Project("{2150E333-8FDC-42A3-9474-1A3956D46DE8}") = "src", "src", "{4AB920E9-1680-4DFC-9C52-F8353B6D282F}"
EndProject
Project("{FAE04EC0-301F-11D3-BF4B-00C04F79EFBC}") = "f14.MessageBus.RabbitMQ", "src\f14.MessageBus.RabbitMQ\f14.MessageBus.RabbitMQ.csproj", "{A7313181-8DE3-FE0C-7999-2112DD6E6967}"
EndProject
Project("{2150E333-8FDC-42A3-9474-1A3956D46DE8}") = "docs", "docs", "{B192CD10-BC16-4037-B85A-124AA9DD74BC}"
	ProjectSection(SolutionItems) = preProject
		docs\extra_configuration.md = docs\extra_configuration.md
		docs\rabbitmq_consumer.md = docs\rabbitmq_consumer.md
		docs\rabbitmq_extra_configuration.md = docs\rabbitmq_extra_configuration.md
		docs\rabbitmq_publisher.md = docs\rabbitmq_publisher.md
	EndProjectSection
EndProject
Project("{FAE04EC0-301F-11D3-BF4B-00C04F79EFBC}") = "f14.Common", "shared\f14.Common\src\f14.Common\f14.Common.csproj", "{26AA1376-DFF5-27BF-FA43-A06CBB601329}"
EndProject
Project("{2150E333-8FDC-42A3-9474-1A3956D46DE8}") = "sln_items", "sln_items", "{B838FA62-2BD2-4D6F-B6A2-5B922CEE4282}"
EndProject
Global
	GlobalSection(SolutionConfigurationPlatforms) = preSolution
		Debug|Any CPU = Debug|Any CPU
		Release|Any CPU = Release|Any CPU
	EndGlobalSection
	GlobalSection(ProjectConfigurationPlatforms) = postSolution
		{9DFC81B3-0A7A-4DE2-BB56-EF2A1B1C798A}.Debug|Any CPU.ActiveCfg = Debug|Any CPU
		{9DFC81B3-0A7A-4DE2-BB56-EF2A1B1C798A}.Debug|Any CPU.Build.0 = Debug|Any CPU
		{9DFC81B3-0A7A-4DE2-BB56-EF2A1B1C798A}.Release|Any CPU.ActiveCfg = Release|Any CPU
		{9DFC81B3-0A7A-4DE2-BB56-EF2A1B1C798A}.Release|Any CPU.Build.0 = Release|Any CPU
		{326F2D22-B65F-4536-87C4-3612146B8E05}.Debug|Any CPU.ActiveCfg = Debug|Any CPU
		{326F2D22-B65F-4536-87C4-3612146B8E05}.Debug|Any CPU.Build.0 = Debug|Any CPU
		{326F2D22-B65F-4536-87C4-3612146B8E05}.Release|Any CPU.ActiveCfg = Release|Any CPU
		{326F2D22-B65F-4536-87C4-3612146B8E05}.Release|Any CPU.Build.0 = Release|Any CPU
		{56809DF3-DC30-4EAF-82F0-E6D301701BDE}.Debug|Any CPU.ActiveCfg = Debug|Any CPU
		{56809DF3-DC30-4EAF-82F0-E6D301701BDE}.Debug|Any CPU.Build.0 = Debug|Any CPU
		{56809DF3-DC30-4EAF-82F0-E6D301701BDE}.Release|Any CPU.ActiveCfg = Release|Any CPU
		{56809DF3-DC30-4EAF-82F0-E6D301701BDE}.Release|Any CPU.Build.0 = Release|Any CPU
		{B2B3D2D9-5700-76FC-94C9-C3AC7418A54F}.Debug|Any CPU.ActiveCfg = Debug|Any CPU
		{B2B3D2D9-5700-76FC-94C9-C3AC7418A54F}.Debug|Any CPU.Build.0 = Debug|Any CPU
		{B2B3D2D9-5700-76FC-94C9-C3AC7418A54F}.Release|Any CPU.ActiveCfg = Release|Any CPU
		{B2B3D2D9-5700-76FC-94C9-C3AC7418A54F}.Release|Any CPU.Build.0 = Release|Any CPU
		{A7313181-8DE3-FE0C-7999-2112DD6E6967}.Debug|Any CPU.ActiveCfg = Debug|Any CPU
		{A7313181-8DE3-FE0C-7999-2112DD6E6967}.Debug|Any CPU.Build.0 = Debug|Any CPU
		{A7313181-8DE3-FE0C-7999-2112DD6E6967}.Release|Any CPU.ActiveCfg = Release|Any CPU
		{A7313181-8DE3-FE0C-7999-2112DD6E6967}.Release|Any CPU.Build.0 = Release|Any CPU
		{26AA1376-DFF5-27BF-FA43-A06CBB601329}.Debug|Any CPU.ActiveCfg = Debug|Any CPU
		{26AA1376-DFF5-27BF-FA43-A06CBB601329}.Debug|Any CPU.Build.0 = Debug|Any CPU
		{26AA1376-DFF5-27BF-FA43-A06CBB601329}.Release|Any CPU.ActiveCfg = Release|Any CPU
		{26AA1376-DFF5-27BF-FA43-A06CBB601329}.Release|Any CPU.Build.0 = Release|Any CPU
	EndGlobalSection
	GlobalSection(SolutionProperties) = preSolution
		HideSolutionNode = FALSE
	EndGlobalSection
	GlobalSection(NestedProjects) = preSolution
		{9DFC81B3-0A7A-4DE2-BB56-EF2A1B1C798A} = {36D591C7-65C7-A0D1-1CBC-10CDE441BDC8}
		{326F2D22-B65F-4536-87C4-3612146B8E05} = {36D591C7-65C7-A0D1-1CBC-10CDE441BDC8}
		{56809DF3-DC30-4EAF-82F0-E6D301701BDE} = {36D591C7-65C7-A0D1-1CBC-10CDE441BDC8}
		{B2B3D2D9-5700-76FC-94C9-C3AC7418A54F} = {4AB920E9-1680-4DFC-9C52-F8353B6D282F}
		{A7313181-8DE3-FE0C-7999-2112DD6E6967} = {4AB920E9-1680-4DFC-9C52-F8353B6D282F}
		{26AA1376-DFF5-27BF-FA43-A06CBB601329} = {E7A16E79-E325-473D-B3C7-AFCAE292F6B4}
	EndGlobalSection
	GlobalSection(ExtensibilityGlobals) = postSolution
		SolutionGuid = {510DDB26-F265-4ACF-9F32-E3DC13F96AEA}
	EndGlobalSection
EndGlobal
