
Microsoft Visual Studio Solution File, Format Version 12.00
# Visual Studio Version 17
VisualStudioVersion = 17.14.36414.22
MinimumVisualStudioVersion = 10.0.40219.1
Project("{FAE04EC0-301F-11D3-BF4B-00C04F79EFBC}") = "App.WepApi", "App.WepApi\App.WepApi.csproj", "{79A8551D-4A61-4113-B011-F4FC8D22E0FE}"
EndProject
Project("{FAE04EC0-301F-11D3-BF4B-00C04F79EFBC}") = "App.CalcWorker", "App.CalcWorker\App.CalcWorker.csproj", "{0729B012-9122-47DA-B0EA-CDADD10D5C4D}"
EndProject
Project("{FAE04EC0-301F-11D3-BF4B-00C04F79EFBC}") = "Shared.EventBus", "Shared.EventBus\Shared.EventBus.csproj", "{9BDD951B-3B3B-4A28-8BA1-55D946758E85}"
EndProject
Project("{FAE04EC0-301F-11D3-BF4B-00C04F79EFBC}") = "Shared.RabbitMQ", "Shared.RabbitMQ\Shared.RabbitMQ.csproj", "{69063A35-0478-4664-9955-E3395B55E93D}"
EndProject
Project("{FAE04EC0-301F-11D3-BF4B-00C04F79EFBC}") = "Shared.RabbitMQ.App", "Shared.RabbitMQ.App\Shared.RabbitMQ.App.csproj", "{7E9B5BA9-221E-4E0E-9B4F-70CEF40E7D6A}"
EndProject
Global
	GlobalSection(SolutionConfigurationPlatforms) = preSolution
		Debug|Any CPU = Debug|Any CPU
		Release|Any CPU = Release|Any CPU
	EndGlobalSection
	GlobalSection(ProjectConfigurationPlatforms) = postSolution
		{79A8551D-4A61-4113-B011-F4FC8D22E0FE}.Debug|Any CPU.ActiveCfg = Debug|Any CPU
		{79A8551D-4A61-4113-B011-F4FC8D22E0FE}.Debug|Any CPU.Build.0 = Debug|Any CPU
		{79A8551D-4A61-4113-B011-F4FC8D22E0FE}.Release|Any CPU.ActiveCfg = Release|Any CPU
		{79A8551D-4A61-4113-B011-F4FC8D22E0FE}.Release|Any CPU.Build.0 = Release|Any CPU
		{0729B012-9122-47DA-B0EA-CDADD10D5C4D}.Debug|Any CPU.ActiveCfg = Debug|Any CPU
		{0729B012-9122-47DA-B0EA-CDADD10D5C4D}.Debug|Any CPU.Build.0 = Debug|Any CPU
		{0729B012-9122-47DA-B0EA-CDADD10D5C4D}.Release|Any CPU.ActiveCfg = Release|Any CPU
		{0729B012-9122-47DA-B0EA-CDADD10D5C4D}.Release|Any CPU.Build.0 = Release|Any CPU
		{9BDD951B-3B3B-4A28-8BA1-55D946758E85}.Debug|Any CPU.ActiveCfg = Debug|Any CPU
		{9BDD951B-3B3B-4A28-8BA1-55D946758E85}.Debug|Any CPU.Build.0 = Debug|Any CPU
		{9BDD951B-3B3B-4A28-8BA1-55D946758E85}.Release|Any CPU.ActiveCfg = Release|Any CPU
		{9BDD951B-3B3B-4A28-8BA1-55D946758E85}.Release|Any CPU.Build.0 = Release|Any CPU
		{69063A35-0478-4664-9955-E3395B55E93D}.Debug|Any CPU.ActiveCfg = Debug|Any CPU
		{69063A35-0478-4664-9955-E3395B55E93D}.Debug|Any CPU.Build.0 = Debug|Any CPU
		{69063A35-0478-4664-9955-E3395B55E93D}.Release|Any CPU.ActiveCfg = Release|Any CPU
		{69063A35-0478-4664-9955-E3395B55E93D}.Release|Any CPU.Build.0 = Release|Any CPU
		{7E9B5BA9-221E-4E0E-9B4F-70CEF40E7D6A}.Debug|Any CPU.ActiveCfg = Debug|Any CPU
		{7E9B5BA9-221E-4E0E-9B4F-70CEF40E7D6A}.Debug|Any CPU.Build.0 = Debug|Any CPU
		{7E9B5BA9-221E-4E0E-9B4F-70CEF40E7D6A}.Release|Any CPU.ActiveCfg = Release|Any CPU
		{7E9B5BA9-221E-4E0E-9B4F-70CEF40E7D6A}.Release|Any CPU.Build.0 = Release|Any CPU
	EndGlobalSection
	GlobalSection(SolutionProperties) = preSolution
		HideSolutionNode = FALSE
	EndGlobalSection
	GlobalSection(ExtensibilityGlobals) = postSolution
		SolutionGuid = {510DDB26-F265-4ACF-9F32-E3DC13F96AEA}
	EndGlobalSection
EndGlobal
